// !$*UTF8*$!
{
	archiveVersion = 1;
	classes = {
	};
	objectVersion = 46;
	objects = {

/* Begin PBXBuildFile section */
		7AF385FC61592A62C796F2C6 /* Pods_ATMLocator.framework in Frameworks */ = {isa = PBXBuildFile; fileRef = 4ADFB6E6381602B6C15B7BB1 /* Pods_ATMLocator.framework */; };
		869083BD1E850C280053B5AE /* Reachability.m in Sources */ = {isa = PBXBuildFile; fileRef = 869083BC1E850C280053B5AE /* Reachability.m */; };
		869EBB551E84EF20007A608B /* main.m in Sources */ = {isa = PBXBuildFile; fileRef = 869EBB541E84EF20007A608B /* main.m */; };
		869EBB581E84EF20007A608B /* AppDelegate.m in Sources */ = {isa = PBXBuildFile; fileRef = 869EBB571E84EF20007A608B /* AppDelegate.m */; };
		869EBB5E1E84EF20007A608B /* Main.storyboard in Resources */ = {isa = PBXBuildFile; fileRef = 869EBB5C1E84EF20007A608B /* Main.storyboard */; };
		869EBB601E84EF20007A608B /* Assets.xcassets in Resources */ = {isa = PBXBuildFile; fileRef = 869EBB5F1E84EF20007A608B /* Assets.xcassets */; };
		869EBB631E84EF20007A608B /* LaunchScreen.storyboard in Resources */ = {isa = PBXBuildFile; fileRef = 869EBB611E84EF20007A608B /* LaunchScreen.storyboard */; };
		869EBB6E1E84EF20007A608B /* ATMLocatorTests.m in Sources */ = {isa = PBXBuildFile; fileRef = 869EBB6D1E84EF20007A608B /* ATMLocatorTests.m */; };
		869EBB791E84EF20007A608B /* ATMLocatorUITests.m in Sources */ = {isa = PBXBuildFile; fileRef = 869EBB781E84EF20007A608B /* ATMLocatorUITests.m */; };
		869EBB941E84F162007A608B /* UIWindow+VisibleViewController.m in Sources */ = {isa = PBXBuildFile; fileRef = 869EBB931E84F162007A608B /* UIWindow+VisibleViewController.m */; };
		869EBB951E84F162007A608B /* UIWindow+VisibleViewController.m in Sources */ = {isa = PBXBuildFile; fileRef = 869EBB931E84F162007A608B /* UIWindow+VisibleViewController.m */; };
		869EBB961E84F162007A608B /* UIWindow+VisibleViewController.m in Sources */ = {isa = PBXBuildFile; fileRef = 869EBB931E84F162007A608B /* UIWindow+VisibleViewController.m */; };
		869EBB9A1E84F397007A608B /* ALLocationManager.m in Sources */ = {isa = PBXBuildFile; fileRef = 869EBB991E84F397007A608B /* ALLocationManager.m */; };
		869EBB9B1E84F397007A608B /* ALLocationManager.m in Sources */ = {isa = PBXBuildFile; fileRef = 869EBB991E84F397007A608B /* ALLocationManager.m */; };
		869EBB9C1E84F397007A608B /* ALLocationManager.m in Sources */ = {isa = PBXBuildFile; fileRef = 869EBB991E84F397007A608B /* ALLocationManager.m */; };
		869EBB9F1E84F3BB007A608B /* ALAPIManager.m in Sources */ = {isa = PBXBuildFile; fileRef = 869EBB9E1E84F3BB007A608B /* ALAPIManager.m */; };
		869EBBA01E84F3BB007A608B /* ALAPIManager.m in Sources */ = {isa = PBXBuildFile; fileRef = 869EBB9E1E84F3BB007A608B /* ALAPIManager.m */; };
		869EBBA11E84F3BB007A608B /* ALAPIManager.m in Sources */ = {isa = PBXBuildFile; fileRef = 869EBB9E1E84F3BB007A608B /* ALAPIManager.m */; };
		869EBBA41E84F3E1007A608B /* ALStoryboardManager.m in Sources */ = {isa = PBXBuildFile; fileRef = 869EBBA31E84F3E1007A608B /* ALStoryboardManager.m */; };
		869EBBA51E84F3E1007A608B /* ALStoryboardManager.m in Sources */ = {isa = PBXBuildFile; fileRef = 869EBBA31E84F3E1007A608B /* ALStoryboardManager.m */; };
		869EBBA61E84F3E1007A608B /* ALStoryboardManager.m in Sources */ = {isa = PBXBuildFile; fileRef = 869EBBA31E84F3E1007A608B /* ALStoryboardManager.m */; };
		869EBBA91E84F3FC007A608B /* ALColorManager.m in Sources */ = {isa = PBXBuildFile; fileRef = 869EBBA81E84F3FC007A608B /* ALColorManager.m */; };
		869EBBAA1E84F3FC007A608B /* ALColorManager.m in Sources */ = {isa = PBXBuildFile; fileRef = 869EBBA81E84F3FC007A608B /* ALColorManager.m */; };
		869EBBAB1E84F3FC007A608B /* ALColorManager.m in Sources */ = {isa = PBXBuildFile; fileRef = 869EBBA81E84F3FC007A608B /* ALColorManager.m */; };
		869EBBAE1E84F573007A608B /* ALAppUtility.m in Sources */ = {isa = PBXBuildFile; fileRef = 869EBBAD1E84F573007A608B /* ALAppUtility.m */; };
		869EBBAF1E84F573007A608B /* ALAppUtility.m in Sources */ = {isa = PBXBuildFile; fileRef = 869EBBAD1E84F573007A608B /* ALAppUtility.m */; };
		869EBBB01E84F573007A608B /* ALAppUtility.m in Sources */ = {isa = PBXBuildFile; fileRef = 869EBBAD1E84F573007A608B /* ALAppUtility.m */; };
		869EBBB31E84F652007A608B /* ALATMInfo.m in Sources */ = {isa = PBXBuildFile; fileRef = 869EBBB21E84F652007A608B /* ALATMInfo.m */; };
		869EBBB41E84F652007A608B /* ALATMInfo.m in Sources */ = {isa = PBXBuildFile; fileRef = 869EBBB21E84F652007A608B /* ALATMInfo.m */; };
		869EBBB51E84F652007A608B /* ALATMInfo.m in Sources */ = {isa = PBXBuildFile; fileRef = 869EBBB21E84F652007A608B /* ALATMInfo.m */; };
		869EBBB71E84F6A8007A608B /* MapKit.framework in Frameworks */ = {isa = PBXBuildFile; fileRef = 869EBBB61E84F6A8007A608B /* MapKit.framework */; };
		869EBBB91E84F6B7007A608B /* CoreLocation.framework in Frameworks */ = {isa = PBXBuildFile; fileRef = 869EBBB81E84F6B7007A608B /* CoreLocation.framework */; };
		869EBBC61E84F787007A608B /* ALMapViewController.m in Sources */ = {isa = PBXBuildFile; fileRef = 869EBBC51E84F787007A608B /* ALMapViewController.m */; };
		869EBBC71E84F787007A608B /* ALMapViewController.m in Sources */ = {isa = PBXBuildFile; fileRef = 869EBBC51E84F787007A608B /* ALMapViewController.m */; };
		869EBBC81E84F787007A608B /* ALMapViewController.m in Sources */ = {isa = PBXBuildFile; fileRef = 869EBBC51E84F787007A608B /* ALMapViewController.m */; };
		869EBBCB1E84F79C007A608B /* ALDetailViewController.m in Sources */ = {isa = PBXBuildFile; fileRef = 869EBBCA1E84F79C007A608B /* ALDetailViewController.m */; };
		869EBBCC1E84F79C007A608B /* ALDetailViewController.m in Sources */ = {isa = PBXBuildFile; fileRef = 869EBBCA1E84F79C007A608B /* ALDetailViewController.m */; };
		869EBBCD1E84F79C007A608B /* ALDetailViewController.m in Sources */ = {isa = PBXBuildFile; fileRef = 869EBBCA1E84F79C007A608B /* ALDetailViewController.m */; };
		869EBBD01E84F7C3007A608B /* ALDetailViewCell.m in Sources */ = {isa = PBXBuildFile; fileRef = 869EBBCF1E84F7C3007A608B /* ALDetailViewCell.m */; };
		869EBBD11E84F7C3007A608B /* ALDetailViewCell.m in Sources */ = {isa = PBXBuildFile; fileRef = 869EBBCF1E84F7C3007A608B /* ALDetailViewCell.m */; };
		869EBBD21E84F7C3007A608B /* ALDetailViewCell.m in Sources */ = {isa = PBXBuildFile; fileRef = 869EBBCF1E84F7C3007A608B /* ALDetailViewCell.m */; };
/* End PBXBuildFile section */

/* Begin PBXContainerItemProxy section */
		869EBB6A1E84EF20007A608B /* PBXContainerItemProxy */ = {
			isa = PBXContainerItemProxy;
			containerPortal = 869EBB481E84EF20007A608B /* Project object */;
			proxyType = 1;
			remoteGlobalIDString = 869EBB4F1E84EF20007A608B;
			remoteInfo = ATMLocator;
		};
		869EBB751E84EF20007A608B /* PBXContainerItemProxy */ = {
			isa = PBXContainerItemProxy;
			containerPortal = 869EBB481E84EF20007A608B /* Project object */;
			proxyType = 1;
			remoteGlobalIDString = 869EBB4F1E84EF20007A608B;
			remoteInfo = ATMLocator;
		};
/* End PBXContainerItemProxy section */

/* Begin PBXFileReference section */
		4ADFB6E6381602B6C15B7BB1 /* Pods_ATMLocator.framework */ = {isa = PBXFileReference; explicitFileType = wrapper.framework; includeInIndex = 0; path = Pods_ATMLocator.framework; sourceTree = BUILT_PRODUCTS_DIR; };
		869083BB1E850C280053B5AE /* Reachability.h */ = {isa = PBXFileReference; fileEncoding = 4; lastKnownFileType = sourcecode.c.h; name = Reachability.h; path = Network/Reachability.h; sourceTree = "<group>"; };
		869083BC1E850C280053B5AE /* Reachability.m */ = {isa = PBXFileReference; fileEncoding = 4; lastKnownFileType = sourcecode.c.objc; name = Reachability.m; path = Network/Reachability.m; sourceTree = "<group>"; };
		869EBB501E84EF20007A608B /* ATMLocator.app */ = {isa = PBXFileReference; explicitFileType = wrapper.application; includeInIndex = 0; path = ATMLocator.app; sourceTree = BUILT_PRODUCTS_DIR; };
		869EBB541E84EF20007A608B /* main.m */ = {isa = PBXFileReference; lastKnownFileType = sourcecode.c.objc; path = main.m; sourceTree = "<group>"; };
		869EBB561E84EF20007A608B /* AppDelegate.h */ = {isa = PBXFileReference; lastKnownFileType = sourcecode.c.h; path = AppDelegate.h; sourceTree = "<group>"; };
		869EBB571E84EF20007A608B /* AppDelegate.m */ = {isa = PBXFileReference; lastKnownFileType = sourcecode.c.objc; path = AppDelegate.m; sourceTree = "<group>"; };
		869EBB5D1E84EF20007A608B /* Base */ = {isa = PBXFileReference; lastKnownFileType = file.storyboard; name = Base; path = Base.lproj/Main.storyboard; sourceTree = "<group>"; };
		869EBB5F1E84EF20007A608B /* Assets.xcassets */ = {isa = PBXFileReference; lastKnownFileType = folder.assetcatalog; path = Assets.xcassets; sourceTree = "<group>"; };
		869EBB621E84EF20007A608B /* Base */ = {isa = PBXFileReference; lastKnownFileType = file.storyboard; name = Base; path = Base.lproj/LaunchScreen.storyboard; sourceTree = "<group>"; };
		869EBB641E84EF20007A608B /* Info.plist */ = {isa = PBXFileReference; lastKnownFileType = text.plist.xml; path = Info.plist; sourceTree = "<group>"; };
		869EBB691E84EF20007A608B /* ATMLocatorTests.xctest */ = {isa = PBXFileReference; explicitFileType = wrapper.cfbundle; includeInIndex = 0; path = ATMLocatorTests.xctest; sourceTree = BUILT_PRODUCTS_DIR; };
		869EBB6D1E84EF20007A608B /* ATMLocatorTests.m */ = {isa = PBXFileReference; lastKnownFileType = sourcecode.c.objc; path = ATMLocatorTests.m; sourceTree = "<group>"; };
		869EBB6F1E84EF20007A608B /* Info.plist */ = {isa = PBXFileReference; lastKnownFileType = text.plist.xml; path = Info.plist; sourceTree = "<group>"; };
		869EBB741E84EF20007A608B /* ATMLocatorUITests.xctest */ = {isa = PBXFileReference; explicitFileType = wrapper.cfbundle; includeInIndex = 0; path = ATMLocatorUITests.xctest; sourceTree = BUILT_PRODUCTS_DIR; };
		869EBB781E84EF20007A608B /* ATMLocatorUITests.m */ = {isa = PBXFileReference; lastKnownFileType = sourcecode.c.objc; path = ATMLocatorUITests.m; sourceTree = "<group>"; };
		869EBB7A1E84EF20007A608B /* Info.plist */ = {isa = PBXFileReference; lastKnownFileType = text.plist.xml; path = Info.plist; sourceTree = "<group>"; };
		869EBB921E84F162007A608B /* UIWindow+VisibleViewController.h */ = {isa = PBXFileReference; fileEncoding = 4; lastKnownFileType = sourcecode.c.h; name = "UIWindow+VisibleViewController.h"; path = "Category/UIWindow+VisibleViewController.h"; sourceTree = "<group>"; };
		869EBB931E84F162007A608B /* UIWindow+VisibleViewController.m */ = {isa = PBXFileReference; fileEncoding = 4; lastKnownFileType = sourcecode.c.objc; name = "UIWindow+VisibleViewController.m"; path = "Category/UIWindow+VisibleViewController.m"; sourceTree = "<group>"; };
		869EBB971E84F1B7007A608B /* Constant.h */ = {isa = PBXFileReference; fileEncoding = 4; lastKnownFileType = sourcecode.c.h; path = Constant.h; sourceTree = "<group>"; };
		869EBB981E84F397007A608B /* ALLocationManager.h */ = {isa = PBXFileReference; fileEncoding = 4; lastKnownFileType = sourcecode.c.h; name = ALLocationManager.h; path = Manager/ALLocationManager.h; sourceTree = "<group>"; };
		869EBB991E84F397007A608B /* ALLocationManager.m */ = {isa = PBXFileReference; fileEncoding = 4; lastKnownFileType = sourcecode.c.objc; name = ALLocationManager.m; path = Manager/ALLocationManager.m; sourceTree = "<group>"; };
		869EBB9D1E84F3BB007A608B /* ALAPIManager.h */ = {isa = PBXFileReference; fileEncoding = 4; lastKnownFileType = sourcecode.c.h; name = ALAPIManager.h; path = Manager/ALAPIManager.h; sourceTree = "<group>"; };
		869EBB9E1E84F3BB007A608B /* ALAPIManager.m */ = {isa = PBXFileReference; fileEncoding = 4; lastKnownFileType = sourcecode.c.objc; name = ALAPIManager.m; path = Manager/ALAPIManager.m; sourceTree = "<group>"; };
		869EBBA21E84F3E1007A608B /* ALStoryboardManager.h */ = {isa = PBXFileReference; fileEncoding = 4; lastKnownFileType = sourcecode.c.h; name = ALStoryboardManager.h; path = Manager/ALStoryboardManager.h; sourceTree = "<group>"; };
		869EBBA31E84F3E1007A608B /* ALStoryboardManager.m */ = {isa = PBXFileReference; fileEncoding = 4; lastKnownFileType = sourcecode.c.objc; name = ALStoryboardManager.m; path = Manager/ALStoryboardManager.m; sourceTree = "<group>"; };
		869EBBA71E84F3FC007A608B /* ALColorManager.h */ = {isa = PBXFileReference; fileEncoding = 4; lastKnownFileType = sourcecode.c.h; name = ALColorManager.h; path = Manager/ALColorManager.h; sourceTree = "<group>"; };
		869EBBA81E84F3FC007A608B /* ALColorManager.m */ = {isa = PBXFileReference; fileEncoding = 4; lastKnownFileType = sourcecode.c.objc; name = ALColorManager.m; path = Manager/ALColorManager.m; sourceTree = "<group>"; };
		869EBBAC1E84F573007A608B /* ALAppUtility.h */ = {isa = PBXFileReference; fileEncoding = 4; lastKnownFileType = sourcecode.c.h; name = ALAppUtility.h; path = Utility/ALAppUtility.h; sourceTree = "<group>"; };
		869EBBAD1E84F573007A608B /* ALAppUtility.m */ = {isa = PBXFileReference; fileEncoding = 4; lastKnownFileType = sourcecode.c.objc; name = ALAppUtility.m; path = Utility/ALAppUtility.m; sourceTree = "<group>"; };
		869EBBB11E84F652007A608B /* ALATMInfo.h */ = {isa = PBXFileReference; fileEncoding = 4; lastKnownFileType = sourcecode.c.h; name = ALATMInfo.h; path = Model/ALATMInfo.h; sourceTree = "<group>"; };
		869EBBB21E84F652007A608B /* ALATMInfo.m */ = {isa = PBXFileReference; fileEncoding = 4; lastKnownFileType = sourcecode.c.objc; name = ALATMInfo.m; path = Model/ALATMInfo.m; sourceTree = "<group>"; };
		869EBBB61E84F6A8007A608B /* MapKit.framework */ = {isa = PBXFileReference; lastKnownFileType = wrapper.framework; name = MapKit.framework; path = System/Library/Frameworks/MapKit.framework; sourceTree = SDKROOT; };
		869EBBB81E84F6B7007A608B /* CoreLocation.framework */ = {isa = PBXFileReference; lastKnownFileType = wrapper.framework; name = CoreLocation.framework; path = System/Library/Frameworks/CoreLocation.framework; sourceTree = SDKROOT; };
		869EBBC41E84F787007A608B /* ALMapViewController.h */ = {isa = PBXFileReference; fileEncoding = 4; lastKnownFileType = sourcecode.c.h; name = ALMapViewController.h; path = Controller/ALMapViewController.h; sourceTree = "<group>"; };
		869EBBC51E84F787007A608B /* ALMapViewController.m */ = {isa = PBXFileReference; fileEncoding = 4; lastKnownFileType = sourcecode.c.objc; name = ALMapViewController.m; path = Controller/ALMapViewController.m; sourceTree = "<group>"; };
		869EBBC91E84F79C007A608B /* ALDetailViewController.h */ = {isa = PBXFileReference; fileEncoding = 4; lastKnownFileType = sourcecode.c.h; name = ALDetailViewController.h; path = Controller/ALDetailViewController.h; sourceTree = "<group>"; };
		869EBBCA1E84F79C007A608B /* ALDetailViewController.m */ = {isa = PBXFileReference; fileEncoding = 4; lastKnownFileType = sourcecode.c.objc; name = ALDetailViewController.m; path = Controller/ALDetailViewController.m; sourceTree = "<group>"; };
		869EBBCE1E84F7C3007A608B /* ALDetailViewCell.h */ = {isa = PBXFileReference; fileEncoding = 4; lastKnownFileType = sourcecode.c.h; name = ALDetailViewCell.h; path = View/CustomCell/ALDetailViewCell.h; sourceTree = "<group>"; };
		869EBBCF1E84F7C3007A608B /* ALDetailViewCell.m */ = {isa = PBXFileReference; fileEncoding = 4; lastKnownFileType = sourcecode.c.objc; name = ALDetailViewCell.m; path = View/CustomCell/ALDetailViewCell.m; sourceTree = "<group>"; };
		BE7409471E423AF5D799F043 /* Pods-ATMLocator.debug.xcconfig */ = {isa = PBXFileReference; includeInIndex = 1; lastKnownFileType = text.xcconfig; name = "Pods-ATMLocator.debug.xcconfig"; path = "Pods/Target Support Files/Pods-ATMLocator/Pods-ATMLocator.debug.xcconfig"; sourceTree = "<group>"; };
		FCF41AE87EFCC36BC645B8FD /* Pods-ATMLocator.release.xcconfig */ = {isa = PBXFileReference; includeInIndex = 1; lastKnownFileType = text.xcconfig; name = "Pods-ATMLocator.release.xcconfig"; path = "Pods/Target Support Files/Pods-ATMLocator/Pods-ATMLocator.release.xcconfig"; sourceTree = "<group>"; };
/* End PBXFileReference section */

/* Begin PBXFrameworksBuildPhase section */
		869EBB4D1E84EF20007A608B /* Frameworks */ = {
			isa = PBXFrameworksBuildPhase;
			buildActionMask = 2147483647;
			files = (
				869EBBB91E84F6B7007A608B /* CoreLocation.framework in Frameworks */,
				869EBBB71E84F6A8007A608B /* MapKit.framework in Frameworks */,
				7AF385FC61592A62C796F2C6 /* Pods_ATMLocator.framework in Frameworks */,
			);
			runOnlyForDeploymentPostprocessing = 0;
		};
		869EBB661E84EF20007A608B /* Frameworks */ = {
			isa = PBXFrameworksBuildPhase;
			buildActionMask = 2147483647;
			files = (
			);
			runOnlyForDeploymentPostprocessing = 0;
		};
		869EBB711E84EF20007A608B /* Frameworks */ = {
			isa = PBXFrameworksBuildPhase;
			buildActionMask = 2147483647;
			files = (
			);
			runOnlyForDeploymentPostprocessing = 0;
		};
/* End PBXFrameworksBuildPhase section */

/* Begin PBXGroup section */
		650F6889BE30D8B4C80529AB /* Pods */ = {
			isa = PBXGroup;
			children = (
				BE7409471E423AF5D799F043 /* Pods-ATMLocator.debug.xcconfig */,
				FCF41AE87EFCC36BC645B8FD /* Pods-ATMLocator.release.xcconfig */,
			);
			name = Pods;
			sourceTree = "<group>";
		};
		869083BA1E850BF40053B5AE /* Network */ = {
			isa = PBXGroup;
			children = (
				869083BB1E850C280053B5AE /* Reachability.h */,
				869083BC1E850C280053B5AE /* Reachability.m */,
			);
			name = Network;
			sourceTree = "<group>";
		};
		869EBB471E84EF20007A608B = {
			isa = PBXGroup;
			children = (
				869EBBB81E84F6B7007A608B /* CoreLocation.framework */,
				869EBBB61E84F6A8007A608B /* MapKit.framework */,
				869EBB521E84EF20007A608B /* ATMLocator */,
				869EBB6C1E84EF20007A608B /* ATMLocatorTests */,
				869EBB771E84EF20007A608B /* ATMLocatorUITests */,
				869EBB511E84EF20007A608B /* Products */,
				650F6889BE30D8B4C80529AB /* Pods */,
				8852AC3A0A50C205A1BE7FF1 /* Frameworks */,
			);
			sourceTree = "<group>";
		};
		869EBB511E84EF20007A608B /* Products */ = {
			isa = PBXGroup;
			children = (
				869EBB501E84EF20007A608B /* ATMLocator.app */,
				869EBB691E84EF20007A608B /* ATMLocatorTests.xctest */,
				869EBB741E84EF20007A608B /* ATMLocatorUITests.xctest */,
			);
			name = Products;
			sourceTree = "<group>";
		};
		869EBB521E84EF20007A608B /* ATMLocator */ = {
			isa = PBXGroup;
			children = (
				869083BA1E850BF40053B5AE /* Network */,
				869EBB8B1E84F05B007A608B /* Category */,
				869EBB8A1E84F049007A608B /* Manager */,
				869EBB891E84F03B007A608B /* Utility */,
				869EBB881E84F031007A608B /* Model */,
				869EBB871E84F025007A608B /* Controller */,
				869EBB861E84F01B007A608B /* View */,
				869EBB561E84EF20007A608B /* AppDelegate.h */,
				869EBB571E84EF20007A608B /* AppDelegate.m */,
				869EBB5C1E84EF20007A608B /* Main.storyboard */,
				869EBB5F1E84EF20007A608B /* Assets.xcassets */,
				869EBB611E84EF20007A608B /* LaunchScreen.storyboard */,
				869EBB641E84EF20007A608B /* Info.plist */,
				869EBB531E84EF20007A608B /* Supporting Files */,
			);
			path = ATMLocator;
			sourceTree = "<group>";
		};
		869EBB531E84EF20007A608B /* Supporting Files */ = {
			isa = PBXGroup;
			children = (
				869EBB971E84F1B7007A608B /* Constant.h */,
				869EBB541E84EF20007A608B /* main.m */,
			);
			name = "Supporting Files";
			sourceTree = "<group>";
		};
		869EBB6C1E84EF20007A608B /* ATMLocatorTests */ = {
			isa = PBXGroup;
			children = (
				869EBB6D1E84EF20007A608B /* ATMLocatorTests.m */,
				869EBB6F1E84EF20007A608B /* Info.plist */,
			);
			path = ATMLocatorTests;
			sourceTree = "<group>";
		};
		869EBB771E84EF20007A608B /* ATMLocatorUITests */ = {
			isa = PBXGroup;
			children = (
				869EBB781E84EF20007A608B /* ATMLocatorUITests.m */,
				869EBB7A1E84EF20007A608B /* Info.plist */,
			);
			path = ATMLocatorUITests;
			sourceTree = "<group>";
		};
		869EBB861E84F01B007A608B /* View */ = {
			isa = PBXGroup;
			children = (
				869EBB8C1E84F0C0007A608B /* CustomCell */,
			);
			name = View;
			sourceTree = "<group>";
		};
		869EBB871E84F025007A608B /* Controller */ = {
			isa = PBXGroup;
			children = (
				869EBBC41E84F787007A608B /* ALMapViewController.h */,
				869EBBC51E84F787007A608B /* ALMapViewController.m */,
				869EBBC91E84F79C007A608B /* ALDetailViewController.h */,
				869EBBCA1E84F79C007A608B /* ALDetailViewController.m */,
			);
			name = Controller;
			sourceTree = "<group>";
		};
		869EBB881E84F031007A608B /* Model */ = {
			isa = PBXGroup;
			children = (
				869EBBB11E84F652007A608B /* ALATMInfo.h */,
				869EBBB21E84F652007A608B /* ALATMInfo.m */,
			);
			name = Model;
			sourceTree = "<group>";
		};
		869EBB891E84F03B007A608B /* Utility */ = {
			isa = PBXGroup;
			children = (
				869EBBAC1E84F573007A608B /* ALAppUtility.h */,
				869EBBAD1E84F573007A608B /* ALAppUtility.m */,
			);
			name = Utility;
			sourceTree = "<group>";
		};
		869EBB8A1E84F049007A608B /* Manager */ = {
			isa = PBXGroup;
			children = (
				869EBB981E84F397007A608B /* ALLocationManager.h */,
				869EBB991E84F397007A608B /* ALLocationManager.m */,
				869EBB9D1E84F3BB007A608B /* ALAPIManager.h */,
				869EBB9E1E84F3BB007A608B /* ALAPIManager.m */,
				869EBBA21E84F3E1007A608B /* ALStoryboardManager.h */,
				869EBBA31E84F3E1007A608B /* ALStoryboardManager.m */,
				869EBBA71E84F3FC007A608B /* ALColorManager.h */,
				869EBBA81E84F3FC007A608B /* ALColorManager.m */,
			);
			name = Manager;
			sourceTree = "<group>";
		};
		869EBB8B1E84F05B007A608B /* Category */ = {
			isa = PBXGroup;
			children = (
				869EBB921E84F162007A608B /* UIWindow+VisibleViewController.h */,
				869EBB931E84F162007A608B /* UIWindow+VisibleViewController.m */,
			);
			name = Category;
			sourceTree = "<group>";
		};
		869EBB8C1E84F0C0007A608B /* CustomCell */ = {
			isa = PBXGroup;
			children = (
				869EBBCE1E84F7C3007A608B /* ALDetailViewCell.h */,
				869EBBCF1E84F7C3007A608B /* ALDetailViewCell.m */,
			);
			name = CustomCell;
			sourceTree = "<group>";
		};
		8852AC3A0A50C205A1BE7FF1 /* Frameworks */ = {
			isa = PBXGroup;
			children = (
				4ADFB6E6381602B6C15B7BB1 /* Pods_ATMLocator.framework */,
			);
			name = Frameworks;
			sourceTree = "<group>";
		};
/* End PBXGroup section */

/* Begin PBXNativeTarget section */
		869EBB4F1E84EF20007A608B /* ATMLocator */ = {
			isa = PBXNativeTarget;
			buildConfigurationList = 869EBB7D1E84EF20007A608B /* Build configuration list for PBXNativeTarget "ATMLocator" */;
			buildPhases = (
				6C2D654D003E0312AF70B6DE /* [CP] Check Pods Manifest.lock */,
				869EBB4C1E84EF20007A608B /* Sources */,
				869EBB4D1E84EF20007A608B /* Frameworks */,
				869EBB4E1E84EF20007A608B /* Resources */,
				A51694880D618E1BD9466A74 /* [CP] Embed Pods Frameworks */,
				106ECE73F711B9172C60ACE6 /* [CP] Copy Pods Resources */,
			);
			buildRules = (
			);
			dependencies = (
			);
			name = ATMLocator;
			productName = ATMLocator;
			productReference = 869EBB501E84EF20007A608B /* ATMLocator.app */;
			productType = "com.apple.product-type.application";
		};
		869EBB681E84EF20007A608B /* ATMLocatorTests */ = {
			isa = PBXNativeTarget;
			buildConfigurationList = 869EBB801E84EF20007A608B /* Build configuration list for PBXNativeTarget "ATMLocatorTests" */;
			buildPhases = (
				869EBB651E84EF20007A608B /* Sources */,
				869EBB661E84EF20007A608B /* Frameworks */,
				869EBB671E84EF20007A608B /* Resources */,
			);
			buildRules = (
			);
			dependencies = (
				869EBB6B1E84EF20007A608B /* PBXTargetDependency */,
			);
			name = ATMLocatorTests;
			productName = ATMLocatorTests;
			productReference = 869EBB691E84EF20007A608B /* ATMLocatorTests.xctest */;
			productType = "com.apple.product-type.bundle.unit-test";
		};
		869EBB731E84EF20007A608B /* ATMLocatorUITests */ = {
			isa = PBXNativeTarget;
			buildConfigurationList = 869EBB831E84EF20007A608B /* Build configuration list for PBXNativeTarget "ATMLocatorUITests" */;
			buildPhases = (
				869EBB701E84EF20007A608B /* Sources */,
				869EBB711E84EF20007A608B /* Frameworks */,
				869EBB721E84EF20007A608B /* Resources */,
			);
			buildRules = (
			);
			dependencies = (
				869EBB761E84EF20007A608B /* PBXTargetDependency */,
			);
			name = ATMLocatorUITests;
			productName = ATMLocatorUITests;
			productReference = 869EBB741E84EF20007A608B /* ATMLocatorUITests.xctest */;
			productType = "com.apple.product-type.bundle.ui-testing";
		};
/* End PBXNativeTarget section */

/* Begin PBXProject section */
		869EBB481E84EF20007A608B /* Project object */ = {
			isa = PBXProject;
			attributes = {
				LastUpgradeCheck = 0730;
				ORGANIZATIONNAME = Zensar;
				TargetAttributes = {
					869EBB4F1E84EF20007A608B = {
						CreatedOnToolsVersion = 7.3.1;
						DevelopmentTeam = S7QCGMNJX5;
					};
					869EBB681E84EF20007A608B = {
						CreatedOnToolsVersion = 7.3.1;
						TestTargetID = 869EBB4F1E84EF20007A608B;
					};
					869EBB731E84EF20007A608B = {
						CreatedOnToolsVersion = 7.3.1;
						TestTargetID = 869EBB4F1E84EF20007A608B;
					};
				};
			};
			buildConfigurationList = 869EBB4B1E84EF20007A608B /* Build configuration list for PBXProject "ATMLocator" */;
			compatibilityVersion = "Xcode 3.2";
			developmentRegion = English;
			hasScannedForEncodings = 0;
			knownRegions = (
				en,
				Base,
			);
			mainGroup = 869EBB471E84EF20007A608B;
			productRefGroup = 869EBB511E84EF20007A608B /* Products */;
			projectDirPath = "";
			projectRoot = "";
			targets = (
				869EBB4F1E84EF20007A608B /* ATMLocator */,
				869EBB681E84EF20007A608B /* ATMLocatorTests */,
				869EBB731E84EF20007A608B /* ATMLocatorUITests */,
			);
		};
/* End PBXProject section */

/* Begin PBXResourcesBuildPhase section */
		869EBB4E1E84EF20007A608B /* Resources */ = {
			isa = PBXResourcesBuildPhase;
			buildActionMask = 2147483647;
			files = (
				869EBB631E84EF20007A608B /* LaunchScreen.storyboard in Resources */,
				869EBB601E84EF20007A608B /* Assets.xcassets in Resources */,
				869EBB5E1E84EF20007A608B /* Main.storyboard in Resources */,
			);
			runOnlyForDeploymentPostprocessing = 0;
		};
		869EBB671E84EF20007A608B /* Resources */ = {
			isa = PBXResourcesBuildPhase;
			buildActionMask = 2147483647;
			files = (
			);
			runOnlyForDeploymentPostprocessing = 0;
		};
		869EBB721E84EF20007A608B /* Resources */ = {
			isa = PBXResourcesBuildPhase;
			buildActionMask = 2147483647;
			files = (
			);
			runOnlyForDeploymentPostprocessing = 0;
		};
/* End PBXResourcesBuildPhase section */

/* Begin PBXShellScriptBuildPhase section */
		106ECE73F711B9172C60ACE6 /* [CP] Copy Pods Resources */ = {
			isa = PBXShellScriptBuildPhase;
			buildActionMask = 2147483647;
			files = (
			);
			inputPaths = (
			);
			name = "[CP] Copy Pods Resources";
			outputPaths = (
			);
			runOnlyForDeploymentPostprocessing = 0;
			shellPath = /bin/sh;
			shellScript = "\"${SRCROOT}/Pods/Target Support Files/Pods-ATMLocator/Pods-ATMLocator-resources.sh\"\n";
			showEnvVarsInLog = 0;
		};
		6C2D654D003E0312AF70B6DE /* [CP] Check Pods Manifest.lock */ = {
			isa = PBXShellScriptBuildPhase;
			buildActionMask = 2147483647;
			files = (
			);
			inputPaths = (
			);
			name = "[CP] Check Pods Manifest.lock";
			outputPaths = (
			);
			runOnlyForDeploymentPostprocessing = 0;
			shellPath = /bin/sh;
			shellScript = "diff \"${PODS_ROOT}/../Podfile.lock\" \"${PODS_ROOT}/Manifest.lock\" > /dev/null\nif [ $? != 0 ] ; then\n    # print error to STDERR\n    echo \"error: The sandbox is not in sync with the Podfile.lock. Run 'pod install' or update your CocoaPods installation.\" >&2\n    exit 1\nfi\n";
			showEnvVarsInLog = 0;
		};
		A51694880D618E1BD9466A74 /* [CP] Embed Pods Frameworks */ = {
			isa = PBXShellScriptBuildPhase;
			buildActionMask = 2147483647;
			files = (
			);
			inputPaths = (
			);
			name = "[CP] Embed Pods Frameworks";
			outputPaths = (
			);
			runOnlyForDeploymentPostprocessing = 0;
			shellPath = /bin/sh;
			shellScript = "\"${SRCROOT}/Pods/Target Support Files/Pods-ATMLocator/Pods-ATMLocator-frameworks.sh\"\n";
			showEnvVarsInLog = 0;
		};
/* End PBXShellScriptBuildPhase section */

/* Begin PBXSourcesBuildPhase section */
		869EBB4C1E84EF20007A608B /* Sources */ = {
			isa = PBXSourcesBuildPhase;
			buildActionMask = 2147483647;
			files = (
				869EBBD01E84F7C3007A608B /* ALDetailViewCell.m in Sources */,
				869EBB941E84F162007A608B /* UIWindow+VisibleViewController.m in Sources */,
				869EBB581E84EF20007A608B /* AppDelegate.m in Sources */,
				869EBB551E84EF20007A608B /* main.m in Sources */,
				869EBBAE1E84F573007A608B /* ALAppUtility.m in Sources */,
				869EBBA41E84F3E1007A608B /* ALStoryboardManager.m in Sources */,
				869EBB9A1E84F397007A608B /* ALLocationManager.m in Sources */,
				869EBBCB1E84F79C007A608B /* ALDetailViewController.m in Sources */,
				869EBBC61E84F787007A608B /* ALMapViewController.m in Sources */,
				869083BD1E850C280053B5AE /* Reachability.m in Sources */,
				869EBBB31E84F652007A608B /* ALATMInfo.m in Sources */,
				869EBB9F1E84F3BB007A608B /* ALAPIManager.m in Sources */,
				869EBBA91E84F3FC007A608B /* ALColorManager.m in Sources */,
			);
			runOnlyForDeploymentPostprocessing = 0;
		};
		869EBB651E84EF20007A608B /* Sources */ = {
			isa = PBXSourcesBuildPhase;
			buildActionMask = 2147483647;
			files = (
				869EBBD11E84F7C3007A608B /* ALDetailViewCell.m in Sources */,
				869EBB951E84F162007A608B /* UIWindow+VisibleViewController.m in Sources */,
				869EBBB41E84F652007A608B /* ALATMInfo.m in Sources */,
				869EBB9B1E84F397007A608B /* ALLocationManager.m in Sources */,
				869EBBC71E84F787007A608B /* ALMapViewController.m in Sources */,
				869EBBCC1E84F79C007A608B /* ALDetailViewController.m in Sources */,
				869EBB6E1E84EF20007A608B /* ATMLocatorTests.m in Sources */,
				869EBBA01E84F3BB007A608B /* ALAPIManager.m in Sources */,
				869EBBAA1E84F3FC007A608B /* ALColorManager.m in Sources */,
				869EBBAF1E84F573007A608B /* ALAppUtility.m in Sources */,
				869EBBA51E84F3E1007A608B /* ALStoryboardManager.m in Sources */,
			);
			runOnlyForDeploymentPostprocessing = 0;
		};
		869EBB701E84EF20007A608B /* Sources */ = {
			isa = PBXSourcesBuildPhase;
			buildActionMask = 2147483647;
			files = (
				869EBBD21E84F7C3007A608B /* ALDetailViewCell.m in Sources */,
				869EBB961E84F162007A608B /* UIWindow+VisibleViewController.m in Sources */,
				869EBBB51E84F652007A608B /* ALATMInfo.m in Sources */,
				869EBB9C1E84F397007A608B /* ALLocationManager.m in Sources */,
				869EBBC81E84F787007A608B /* ALMapViewController.m in Sources */,
				869EBBCD1E84F79C007A608B /* ALDetailViewController.m in Sources */,
				869EBB791E84EF20007A608B /* ATMLocatorUITests.m in Sources */,
				869EBBA11E84F3BB007A608B /* ALAPIManager.m in Sources */,
				869EBBAB1E84F3FC007A608B /* ALColorManager.m in Sources */,
				869EBBB01E84F573007A608B /* ALAppUtility.m in Sources */,
				869EBBA61E84F3E1007A608B /* ALStoryboardManager.m in Sources */,
			);
			runOnlyForDeploymentPostprocessing = 0;
		};
/* End PBXSourcesBuildPhase section */

/* Begin PBXTargetDependency section */
		869EBB6B1E84EF20007A608B /* PBXTargetDependency */ = {
			isa = PBXTargetDependency;
			target = 869EBB4F1E84EF20007A608B /* ATMLocator */;
			targetProxy = 869EBB6A1E84EF20007A608B /* PBXContainerItemProxy */;
		};
		869EBB761E84EF20007A608B /* PBXTargetDependency */ = {
			isa = PBXTargetDependency;
			target = 869EBB4F1E84EF20007A608B /* ATMLocator */;
			targetProxy = 869EBB751E84EF20007A608B /* PBXContainerItemProxy */;
		};
/* End PBXTargetDependency section */

/* Begin PBXVariantGroup section */
		869EBB5C1E84EF20007A608B /* Main.storyboard */ = {
			isa = PBXVariantGroup;
			children = (
				869EBB5D1E84EF20007A608B /* Base */,
			);
			name = Main.storyboard;
			sourceTree = "<group>";
		};
		869EBB611E84EF20007A608B /* LaunchScreen.storyboard */ = {
			isa = PBXVariantGroup;
			children = (
				869EBB621E84EF20007A608B /* Base */,
			);
			name = LaunchScreen.storyboard;
			sourceTree = "<group>";
		};
/* End PBXVariantGroup section */

/* Begin XCBuildConfiguration section */
		869EBB7B1E84EF20007A608B /* Debug */ = {
			isa = XCBuildConfiguration;
			buildSettings = {
				ALWAYS_SEARCH_USER_PATHS = NO;
				CLANG_ANALYZER_NONNULL = YES;
				CLANG_CXX_LANGUAGE_STANDARD = "gnu++0x";
				CLANG_CXX_LIBRARY = "libc++";
				CLANG_ENABLE_MODULES = YES;
				CLANG_ENABLE_OBJC_ARC = YES;
				CLANG_WARN_BOOL_CONVERSION = YES;
				CLANG_WARN_CONSTANT_CONVERSION = YES;
				CLANG_WARN_DIRECT_OBJC_ISA_USAGE = YES_ERROR;
				CLANG_WARN_EMPTY_BODY = YES;
				CLANG_WARN_ENUM_CONVERSION = YES;
				CLANG_WARN_INT_CONVERSION = YES;
				CLANG_WARN_OBJC_ROOT_CLASS = YES_ERROR;
				CLANG_WARN_UNREACHABLE_CODE = YES;
				CLANG_WARN__DUPLICATE_METHOD_MATCH = YES;
				"CODE_SIGN_IDENTITY[sdk=iphoneos*]" = "iPhone Developer";
				COPY_PHASE_STRIP = NO;
				DEBUG_INFORMATION_FORMAT = dwarf;
				ENABLE_STRICT_OBJC_MSGSEND = YES;
				ENABLE_TESTABILITY = YES;
				GCC_C_LANGUAGE_STANDARD = gnu99;
				GCC_DYNAMIC_NO_PIC = NO;
				GCC_NO_COMMON_BLOCKS = YES;
				GCC_OPTIMIZATION_LEVEL = 0;
				GCC_PREPROCESSOR_DEFINITIONS = (
					"DEBUG=1",
					"$(inherited)",
				);
				GCC_WARN_64_TO_32_BIT_CONVERSION = YES;
				GCC_WARN_ABOUT_RETURN_TYPE = YES_ERROR;
				GCC_WARN_UNDECLARED_SELECTOR = YES;
				GCC_WARN_UNINITIALIZED_AUTOS = YES_AGGRESSIVE;
				GCC_WARN_UNUSED_FUNCTION = YES;
				GCC_WARN_UNUSED_VARIABLE = YES;
				IPHONEOS_DEPLOYMENT_TARGET = 9.3;
				MTL_ENABLE_DEBUG_INFO = YES;
				ONLY_ACTIVE_ARCH = YES;
				SDKROOT = iphoneos;
			};
			name = Debug;
		};
		869EBB7C1E84EF20007A608B /* Release */ = {
			isa = XCBuildConfiguration;
			buildSettings = {
				ALWAYS_SEARCH_USER_PATHS = NO;
				CLANG_ANALYZER_NONNULL = YES;
				CLANG_CXX_LANGUAGE_STANDARD = "gnu++0x";
				CLANG_CXX_LIBRARY = "libc++";
				CLANG_ENABLE_MODULES = YES;
				CLANG_ENABLE_OBJC_ARC = YES;
				CLANG_WARN_BOOL_CONVERSION = YES;
				CLANG_WARN_CONSTANT_CONVERSION = YES;
				CLANG_WARN_DIRECT_OBJC_ISA_USAGE = YES_ERROR;
				CLANG_WARN_EMPTY_BODY = YES;
				CLANG_WARN_ENUM_CONVERSION = YES;
				CLANG_WARN_INT_CONVERSION = YES;
				CLANG_WARN_OBJC_ROOT_CLASS = YES_ERROR;
				CLANG_WARN_UNREACHABLE_CODE = YES;
				CLANG_WARN__DUPLICATE_METHOD_MATCH = YES;
				"CODE_SIGN_IDENTITY[sdk=iphoneos*]" = "iPhone Developer";
				COPY_PHASE_STRIP = NO;
				DEBUG_INFORMATION_FORMAT = "dwarf-with-dsym";
				ENABLE_NS_ASSERTIONS = NO;
				ENABLE_STRICT_OBJC_MSGSEND = YES;
				GCC_C_LANGUAGE_STANDARD = gnu99;
				GCC_NO_COMMON_BLOCKS = YES;
				GCC_WARN_64_TO_32_BIT_CONVERSION = YES;
				GCC_WARN_ABOUT_RETURN_TYPE = YES_ERROR;
				GCC_WARN_UNDECLARED_SELECTOR = YES;
				GCC_WARN_UNINITIALIZED_AUTOS = YES_AGGRESSIVE;
				GCC_WARN_UNUSED_FUNCTION = YES;
				GCC_WARN_UNUSED_VARIABLE = YES;
				IPHONEOS_DEPLOYMENT_TARGET = 9.3;
				MTL_ENABLE_DEBUG_INFO = NO;
				SDKROOT = iphoneos;
				VALIDATE_PRODUCT = YES;
			};
			name = Release;
		};
		869EBB7E1E84EF20007A608B /* Debug */ = {
			isa = XCBuildConfiguration;
			baseConfigurationReference = BE7409471E423AF5D799F043 /* Pods-ATMLocator.debug.xcconfig */;
			buildSettings = {
				ASSETCATALOG_COMPILER_APPICON_NAME = AppIcon;
				CODE_SIGN_IDENTITY = "iPhone Developer: Manish Patil (ZE6K664A4D)";
				"CODE_SIGN_IDENTITY[sdk=iphoneos*]" = "iPhone Developer";
				INFOPLIST_FILE = ATMLocator/Info.plist;
				IPHONEOS_DEPLOYMENT_TARGET = 9.0;
				LD_RUNPATH_SEARCH_PATHS = "$(inherited) @executable_path/Frameworks";
				PRODUCT_BUNDLE_IDENTIFIER = com.rcs.ATMLocator;
				PRODUCT_NAME = "$(TARGET_NAME)";
				PROVISIONING_PROFILE = "";
			};
			name = Debug;
		};
		869EBB7F1E84EF20007A608B /* Release */ = {
			isa = XCBuildConfiguration;
			baseConfigurationReference = FCF41AE87EFCC36BC645B8FD /* Pods-ATMLocator.release.xcconfig */;
			buildSettings = {
				ASSETCATALOG_COMPILER_APPICON_NAME = AppIcon;
				CODE_SIGN_IDENTITY = "iPhone Developer: Manish Patil (ZE6K664A4D)";
				"CODE_SIGN_IDENTITY[sdk=iphoneos*]" = "iPhone Developer";
				INFOPLIST_FILE = ATMLocator/Info.plist;
				IPHONEOS_DEPLOYMENT_TARGET = 9.0;
				LD_RUNPATH_SEARCH_PATHS = "$(inherited) @executable_path/Frameworks";
				PRODUCT_BUNDLE_IDENTIFIER = com.rcs.ATMLocator;
				PRODUCT_NAME = "$(TARGET_NAME)";
				PROVISIONING_PROFILE = "";
			};
			name = Release;
		};
		869EBB811E84EF20007A608B /* Debug */ = {
			isa = XCBuildConfiguration;
			buildSettings = {
				BUNDLE_LOADER = "$(TEST_HOST)";
				INFOPLIST_FILE = ATMLocatorTests/Info.plist;
				LD_RUNPATH_SEARCH_PATHS = "$(inherited) @executable_path/Frameworks @loader_path/Frameworks";
				PRODUCT_BUNDLE_IDENTIFIER = com.rcs.ATMLocatorTests;
				PRODUCT_NAME = "$(TARGET_NAME)";
				TEST_HOST = "$(BUILT_PRODUCTS_DIR)/ATMLocator.app/ATMLocator";
			};
			name = Debug;
		};
		869EBB821E84EF20007A608B /* Release */ = {
			isa = XCBuildConfiguration;
			buildSettings = {
				BUNDLE_LOADER = "$(TEST_HOST)";
				INFOPLIST_FILE = ATMLocatorTests/Info.plist;
				LD_RUNPATH_SEARCH_PATHS = "$(inherited) @executable_path/Frameworks @loader_path/Frameworks";
				PRODUCT_BUNDLE_IDENTIFIER = com.rcs.ATMLocatorTests;
				PRODUCT_NAME = "$(TARGET_NAME)";
				TEST_HOST = "$(BUILT_PRODUCTS_DIR)/ATMLocator.app/ATMLocator";
			};
			name = Release;
		};
		869EBB841E84EF20007A608B /* Debug */ = {
			isa = XCBuildConfiguration;
			buildSettings = {
				INFOPLIST_FILE = ATMLocatorUITests/Info.plist;
				LD_RUNPATH_SEARCH_PATHS = "$(inherited) @executable_path/Frameworks @loader_path/Frameworks";
				PRODUCT_BUNDLE_IDENTIFIER = com.rcs.ATMLocatorUITests;
				PRODUCT_NAME = "$(TARGET_NAME)";
				TEST_TARGET_NAME = ATMLocator;
			};
			name = Debug;
		};
		869EBB851E84EF20007A608B /* Release */ = {
			isa = XCBuildConfiguration;
			buildSettings = {
				INFOPLIST_FILE = ATMLocatorUITests/Info.plist;
				LD_RUNPATH_SEARCH_PATHS = "$(inherited) @executable_path/Frameworks @loader_path/Frameworks";
				PRODUCT_BUNDLE_IDENTIFIER = com.rcs.ATMLocatorUITests;
				PRODUCT_NAME = "$(TARGET_NAME)";
				TEST_TARGET_NAME = ATMLocator;
			};
			name = Release;
		};
/* End XCBuildConfiguration section */

/* Begin XCConfigurationList section */
		869EBB4B1E84EF20007A608B /* Build configuration list for PBXProject "ATMLocator" */ = {
			isa = XCConfigurationList;
			buildConfigurations = (
				869EBB7B1E84EF20007A608B /* Debug */,
				869EBB7C1E84EF20007A608B /* Release */,
			);
			defaultConfigurationIsVisible = 0;
			defaultConfigurationName = Release;
		};
		869EBB7D1E84EF20007A608B /* Build configuration list for PBXNativeTarget "ATMLocator" */ = {
			isa = XCConfigurationList;
			buildConfigurations = (
				869EBB7E1E84EF20007A608B /* Debug */,
				869EBB7F1E84EF20007A608B /* Release */,
			);
			defaultConfigurationIsVisible = 0;
			defaultConfigurationName = Release;
		};
		869EBB801E84EF20007A608B /* Build configuration list for PBXNativeTarget "ATMLocatorTests" */ = {
			isa = XCConfigurationList;
			buildConfigurations = (
				869EBB811E84EF20007A608B /* Debug */,
				869EBB821E84EF20007A608B /* Release */,
			);
			defaultConfigurationIsVisible = 0;
			defaultConfigurationName = Release;
		};
		869EBB831E84EF20007A608B /* Build configuration list for PBXNativeTarget "ATMLocatorUITests" */ = {
			isa = XCConfigurationList;
			buildConfigurations = (
				869EBB841E84EF20007A608B /* Debug */,
				869EBB851E84EF20007A608B /* Release */,
			);
			defaultConfigurationIsVisible = 0;
			defaultConfigurationName = Release;
		};
/* End XCConfigurationList section */
	};
	rootObject = 869EBB481E84EF20007A608B /* Project object */;
}
